
Microsoft Visual Studio Solution File, Format Version 12.00
# Visual Studio Version 17
VisualStudioVersion = 17.8.34525.116
MinimumVisualStudioVersion = 10.0.40219.1
Project("{FAE04EC0-301F-11D3-BF4B-00C04F79EFBC}") = "website-airQuality", "website-airQuality.csproj", "{ABFC2DF6-AC60-4D3D-8973-4BFFE7354333}"
EndProject
Global
	GlobalSection(SolutionConfigurationPlatforms) = preSolution
		Debug|Any CPU = Debug|Any CPU
		Release|Any CPU = Release|Any CPU
	EndGlobalSection
	GlobalSection(ProjectConfigurationPlatforms) = postSolution
		{ABFC2DF6-AC60-4D3D-8973-4BFFE7354333}.Debug|Any CPU.ActiveCfg = Debug|Any CPU
		{ABFC2DF6-AC60-4D3D-8973-4BFFE7354333}.Debug|Any CPU.Build.0 = Debug|Any CPU
		{ABFC2DF6-AC60-4D3D-8973-4BFFE7354333}.Release|Any CPU.ActiveCfg = Release|Any CPU
		{ABFC2DF6-AC60-4D3D-8973-4BFFE7354333}.Release|Any CPU.Build.0 = Release|Any CPU
	EndGlobalSection
	GlobalSection(SolutionProperties) = preSolution
		HideSolutionNode = FALSE
	EndGlobalSection
	GlobalSection(ExtensibilityGlobals) = postSolution
		SolutionGuid = {47D402E1-B04D-42AF-A66B-E69864507939}
	EndGlobalSection
EndGlobal
